
Microsoft Visual Studio Solution File, Format Version 12.00
# Visual Studio Version 17
VisualStudioVersion = 17.4.33110.190
MinimumVisualStudioVersion = 10.0.40219.1
Project("{FAE04EC0-301F-11D3-BF4B-00C04F79EFBC}") = "BugTracker", "BugTracker\BugTracker.csproj", "{BEA29E49-0D91-4BCB-9994-ED206BFF3CA4}"
EndProject
Global
	GlobalSection(SolutionConfigurationPlatforms) = preSolution
		Debug|Any CPU = Debug|Any CPU
		Release|Any CPU = Release|Any CPU
	EndGlobalSection
	GlobalSection(ProjectConfigurationPlatforms) = postSolution
		{BEA29E49-0D91-4BCB-9994-ED206BFF3CA4}.Debug|Any CPU.ActiveCfg = Debug|Any CPU
		{BEA29E49-0D91-4BCB-9994-ED206BFF3CA4}.Debug|Any CPU.Build.0 = Debug|Any CPU
		{BEA29E49-0D91-4BCB-9994-ED206BFF3CA4}.Release|Any CPU.ActiveCfg = Release|Any CPU
		{BEA29E49-0D91-4BCB-9994-ED206BFF3CA4}.Release|Any CPU.Build.0 = Release|Any CPU
	EndGlobalSection
	GlobalSection(SolutionProperties) = preSolution
		HideSolutionNode = FALSE
	EndGlobalSection
	GlobalSection(ExtensibilityGlobals) = postSolution
		SolutionGuid = {8193201F-8D7C-4847-9B6C-FC42F4F6CAA3}
	EndGlobalSection
EndGlobal
